# @generated by Move, please check-in and do not edit manually.

[move]
version = 0
manifest_digest = "0D3EAA2E76B8B8E1FC9331C53DCA8D642D5C737841E538007F6D0DD36C457FA3"
deps_digest = "F8BBB0CCB2491CA29A3DF03D6F92277A4F3574266507ACD77214D37ECA3F3082"

dependencies = [
  { name = "Sui" },
]

[[move.package]]
name = "MoveStdlib"
source = { local = "..\\..\\..\\..\\sui\\crates\\sui-framework\\packages\\move-stdlib" }

[[move.package]]
name = "Sui"
source = { local = "..\\..\\..\\..\\sui\\crates\\sui-framework\\packages\\sui-framework" }

dependencies = [
  { name = "MoveStdlib" },
]

[move.toolchain-version]
compiler-version = "1.23.1"
edition = "legacy"
flavor = "sui"
